{
  "lockfile-version": 1,
  "manifest": {
    "version": 1,
    "install": {
      "golangci-lint": {
        "pkg-path": "golangci-lint"
      },
      "gox": {
        "pkg-path": "gox"
      }
    },
    "hook": {},
    "profile": {
      "zsh": "  source <(golangci-lint completion zsh)\n"
    },
    "options": {
      "systems": [
        "aarch64-darwin",
        "aarch64-linux",
        "x86_64-darwin",
        "x86_64-linux"
      ],
      "allow": {
        "licenses": []
      },
      "semver": {}
    }
  },
  "packages": [
    {
      "attr_path": "golangci-lint",
      "broken": false,
      "derivation": "/nix/store/pxljw0r1fyqviw4yldbgyfhsvw9ylmpj-golangci-lint-1.64.5.drv",
      "description": "Fast linters Runner for Go",
      "install_id": "golangci-lint",
      "license": "GPL-3.0-or-later",
      "locked_url": "https://github.com/flox/nixpkgs?rev=0196c0175e9191c474c26ab5548db27ef5d34b05",
      "name": "golangci-lint-1.64.5",
      "pname": "golangci-lint",
      "rev": "0196c0175e9191c474c26ab5548db27ef5d34b05",
      "rev_count": 758135,
      "rev_date": "2025-02-24T03:24:50Z",
      "scrape_date": "2025-02-25T02:25:54Z",
      "stabilities": [
        "unstable"
      ],
      "unfree": false,
      "version": "1.64.5",
      "outputs_to_install": [
        "out"
      ],
      "outputs": {
        "out": "/nix/store/8bfm5nzryn3hxnd79s7j6qzkm1h6pxqy-golangci-lint-1.64.5"
      },
      "system": "aarch64-darwin",
      "group": "toplevel",
      "priority": 5
    },
    {
      "attr_path": "golangci-lint",
      "broken": false,
      "derivation": "/nix/store/bydiv1168ckn25vc25696i9wsydgnbvh-golangci-lint-1.64.5.drv",
      "description": "Fast linters Runner for Go",
      "install_id": "golangci-lint",
      "license": "GPL-3.0-or-later",
      "locked_url": "https://github.com/flox/nixpkgs?rev=0196c0175e9191c474c26ab5548db27ef5d34b05",
      "name": "golangci-lint-1.64.5",
      "pname": "golangci-lint",
      "rev": "0196c0175e9191c474c26ab5548db27ef5d34b05",
      "rev_count": 758135,
      "rev_date": "2025-02-24T03:24:50Z",
      "scrape_date": "2025-02-25T02:25:54Z",
      "stabilities": [
        "unstable"
      ],
      "unfree": false,
      "version": "1.64.5",
      "outputs_to_install": [
        "out"
      ],
      "outputs": {
        "out": "/nix/store/cmn4yiyf99kdjlw87sczf30ckpp84i1w-golangci-lint-1.64.5"
      },
      "system": "aarch64-linux",
      "group": "toplevel",
      "priority": 5
    },
    {
      "attr_path": "golangci-lint",
      "broken": false,
      "derivation": "/nix/store/q0q72ldqyvx8v0qsfvmbyddfhw8z8zp7-golangci-lint-1.64.5.drv",
      "description": "Fast linters Runner for Go",
      "install_id": "golangci-lint",
      "license": "GPL-3.0-or-later",
      "locked_url": "https://github.com/flox/nixpkgs?rev=0196c0175e9191c474c26ab5548db27ef5d34b05",
      "name": "golangci-lint-1.64.5",
      "pname": "golangci-lint",
      "rev": "0196c0175e9191c474c26ab5548db27ef5d34b05",
      "rev_count": 758135,
      "rev_date": "2025-02-24T03:24:50Z",
      "scrape_date": "2025-02-25T02:25:54Z",
      "stabilities": [
        "unstable"
      ],
      "unfree": false,
      "version": "1.64.5",
      "outputs_to_install": [
        "out"
      ],
      "outputs": {
        "out": "/nix/store/bcrp85xkdabziwslcgsls44mj8ngnqb6-golangci-lint-1.64.5"
      },
      "system": "x86_64-darwin",
      "group": "toplevel",
      "priority": 5
    },
    {
      "attr_path": "golangci-lint",
      "broken": false,
      "derivation": "/nix/store/b6977275c6v3k6vnwv4flsfq8n6pnrsb-golangci-lint-1.64.5.drv",
      "description": "Fast linters Runner for Go",
      "install_id": "golangci-lint",
      "license": "GPL-3.0-or-later",
      "locked_url": "https://github.com/flox/nixpkgs?rev=0196c0175e9191c474c26ab5548db27ef5d34b05",
      "name": "golangci-lint-1.64.5",
      "pname": "golangci-lint",
      "rev": "0196c0175e9191c474c26ab5548db27ef5d34b05",
      "rev_count": 758135,
      "rev_date": "2025-02-24T03:24:50Z",
      "scrape_date": "2025-02-25T02:25:54Z",
      "stabilities": [
        "unstable"
      ],
      "unfree": false,
      "version": "1.64.5",
      "outputs_to_install": [
        "out"
      ],
      "outputs": {
        "out": "/nix/store/n1100w7c48bcllxbrws5jd01lpvhx77q-golangci-lint-1.64.5"
      },
      "system": "x86_64-linux",
      "group": "toplevel",
      "priority": 5
    },
    {
      "attr_path": "gox",
      "broken": false,
      "derivation": "/nix/store/bp5cck192mfrjlm8ndz719hjfq9g167g-gox-1.0.1.drv",
      "description": "Dead simple, no frills Go cross compile tool",
      "install_id": "gox",
      "license": "MPL-2.0",
      "locked_url": "https://github.com/flox/nixpkgs?rev=0196c0175e9191c474c26ab5548db27ef5d34b05",
      "name": "gox-1.0.1",
      "pname": "gox",
      "rev": "0196c0175e9191c474c26ab5548db27ef5d34b05",
      "rev_count": 758135,
      "rev_date": "2025-02-24T03:24:50Z",
      "scrape_date": "2025-02-25T02:25:54Z",
      "stabilities": [
        "unstable"
      ],
      "unfree": false,
      "version": "1.0.1",
      "outputs_to_install": [
        "out"
      ],
      "outputs": {
        "out": "/nix/store/h32krqxpvd049w9g8gcc5h7f6lzk46jy-gox-1.0.1"
      },
      "system": "aarch64-darwin",
      "group": "toplevel",
      "priority": 5
    },
    {
      "attr_path": "gox",
      "broken": false,
      "derivation": "/nix/store/4vsk6yx9k9gn1vr4q6ip8mbnjm40albj-gox-1.0.1.drv",
      "description": "Dead simple, no frills Go cross compile tool",
      "install_id": "gox",
      "license": "MPL-2.0",
      "locked_url": "https://github.com/flox/nixpkgs?rev=0196c0175e9191c474c26ab5548db27ef5d34b05",
      "name": "gox-1.0.1",
      "pname": "gox",
      "rev": "0196c0175e9191c474c26ab5548db27ef5d34b05",
      "rev_count": 758135,
      "rev_date": "2025-02-24T03:24:50Z",
      "scrape_date": "2025-02-25T02:25:54Z",
      "stabilities": [
        "unstable"
      ],
      "unfree": false,
      "version": "1.0.1",
      "outputs_to_install": [
        "out"
      ],
      "outputs": {
        "out": "/nix/store/829gxqxz4a4v9njk4afqyf890f362yfz-gox-1.0.1"
      },
      "system": "aarch64-linux",
      "group": "toplevel",
      "priority": 5
    },
    {
      "attr_path": "gox",
      "broken": false,
      "derivation": "/nix/store/653sq27wkcqrpzrbzj9i0jpda0qh5b6g-gox-1.0.1.drv",
      "description": "Dead simple, no frills Go cross compile tool",
      "install_id": "gox",
      "license": "MPL-2.0",
      "locked_url": "https://github.com/flox/nixpkgs?rev=0196c0175e9191c474c26ab5548db27ef5d34b05",
      "name": "gox-1.0.1",
      "pname": "gox",
      "rev": "0196c0175e9191c474c26ab5548db27ef5d34b05",
      "rev_count": 758135,
      "rev_date": "2025-02-24T03:24:50Z",
      "scrape_date": "2025-02-25T02:25:54Z",
      "stabilities": [
        "unstable"
      ],
      "unfree": false,
      "version": "1.0.1",
      "outputs_to_install": [
        "out"
      ],
      "outputs": {
        "out": "/nix/store/6iw5y3sayan2a9z6rf2y9hqpij13dm29-gox-1.0.1"
      },
      "system": "x86_64-darwin",
      "group": "toplevel",
      "priority": 5
    },
    {
      "attr_path": "gox",
      "broken": false,
      "derivation": "/nix/store/j3183ycjwgfisqhxzd2b4cb36mip4bvf-gox-1.0.1.drv",
      "description": "Dead simple, no frills Go cross compile tool",
      "install_id": "gox",
      "license": "MPL-2.0",
      "locked_url": "https://github.com/flox/nixpkgs?rev=0196c0175e9191c474c26ab5548db27ef5d34b05",
      "name": "gox-1.0.1",
      "pname": "gox",
      "rev": "0196c0175e9191c474c26ab5548db27ef5d34b05",
      "rev_count": 758135,
      "rev_date": "2025-02-24T03:24:50Z",
      "scrape_date": "2025-02-25T02:25:54Z",
      "stabilities": [
        "unstable"
      ],
      "unfree": false,
      "version": "1.0.1",
      "outputs_to_install": [
        "out"
      ],
      "outputs": {
        "out": "/nix/store/bvp5vm3aq3q9cn1y76fa15y94flyscl8-gox-1.0.1"
      },
      "system": "x86_64-linux",
      "group": "toplevel",
      "priority": 5
    }
  ]
}