{
  "lockfile-version": 1,
  "manifest": {
    "version": 1,
    "install": {
      "golangci-lint": {
        "pkg-path": "golangci-lint"
      },
      "gox": {
        "pkg-path": "gox"
      }
    },
    "hook": {},
    "profile": {
      "zsh": "  source <(golangci-lint completion zsh)\n"
    },
    "options": {
      "systems": [
        "aarch64-darwin",
        "aarch64-linux",
        "x86_64-darwin",
        "x86_64-linux"
      ],
      "allow": {
        "licenses": []
      },
      "semver": {}
    }
  },
  "packages": [
    {
      "attr_path": "golangci-lint",
      "broken": false,
      "derivation": "/nix/store/anb1lfsj0czggahjid2bbp9hhrgn3zp1-golangci-lint-1.64.5.drv",
      "description": "Fast linters Runner for Go",
      "install_id": "golangci-lint",
      "license": "GPL-3.0-or-later",
      "locked_url": "https://github.com/flox/nixpkgs?rev=73cf49b8ad837ade2de76f87eb53fc85ed5d4680",
      "name": "golangci-lint-1.64.5",
      "pname": "golangci-lint",
      "rev": "73cf49b8ad837ade2de76f87eb53fc85ed5d4680",
      "rev_count": 755230,
      "rev_date": "2025-02-18T08:17:47Z",
      "scrape_date": "2025-02-20T02:25:42Z",
      "stabilities": [
        "staging",
        "unstable"
      ],
      "unfree": false,
      "version": "1.64.5",
      "outputs_to_install": [
        "out"
      ],
      "outputs": {
        "out": "/nix/store/jh2f466rbi0pgk6f3w8jdzy4qyccybz3-golangci-lint-1.64.5"
      },
      "system": "aarch64-darwin",
      "group": "toplevel",
      "priority": 5
    },
    {
      "attr_path": "golangci-lint",
      "broken": false,
      "derivation": "/nix/store/dw9d9817krhqcw3qqlc92d825ynbprkr-golangci-lint-1.64.5.drv",
      "description": "Fast linters Runner for Go",
      "install_id": "golangci-lint",
      "license": "GPL-3.0-or-later",
      "locked_url": "https://github.com/flox/nixpkgs?rev=73cf49b8ad837ade2de76f87eb53fc85ed5d4680",
      "name": "golangci-lint-1.64.5",
      "pname": "golangci-lint",
      "rev": "73cf49b8ad837ade2de76f87eb53fc85ed5d4680",
      "rev_count": 755230,
      "rev_date": "2025-02-18T08:17:47Z",
      "scrape_date": "2025-02-20T02:25:42Z",
      "stabilities": [
        "staging",
        "unstable"
      ],
      "unfree": false,
      "version": "1.64.5",
      "outputs_to_install": [
        "out"
      ],
      "outputs": {
        "out": "/nix/store/63mvzwlqana7bfcy8jzmn3fvkn46k0p6-golangci-lint-1.64.5"
      },
      "system": "aarch64-linux",
      "group": "toplevel",
      "priority": 5
    },
    {
      "attr_path": "golangci-lint",
      "broken": false,
      "derivation": "/nix/store/k50mwipn1wlpa78w4jvggfpzy4y5cqsg-golangci-lint-1.64.5.drv",
      "description": "Fast linters Runner for Go",
      "install_id": "golangci-lint",
      "license": "GPL-3.0-or-later",
      "locked_url": "https://github.com/flox/nixpkgs?rev=73cf49b8ad837ade2de76f87eb53fc85ed5d4680",
      "name": "golangci-lint-1.64.5",
      "pname": "golangci-lint",
      "rev": "73cf49b8ad837ade2de76f87eb53fc85ed5d4680",
      "rev_count": 755230,
      "rev_date": "2025-02-18T08:17:47Z",
      "scrape_date": "2025-02-20T02:25:42Z",
      "stabilities": [
        "staging",
        "unstable"
      ],
      "unfree": false,
      "version": "1.64.5",
      "outputs_to_install": [
        "out"
      ],
      "outputs": {
        "out": "/nix/store/d662i9k8p2alplmxc3bqypc646x7wy1b-golangci-lint-1.64.5"
      },
      "system": "x86_64-darwin",
      "group": "toplevel",
      "priority": 5
    },
    {
      "attr_path": "golangci-lint",
      "broken": false,
      "derivation": "/nix/store/473dn4zzp79k2lzq2yrhcj2gf0f7nazn-golangci-lint-1.64.5.drv",
      "description": "Fast linters Runner for Go",
      "install_id": "golangci-lint",
      "license": "GPL-3.0-or-later",
      "locked_url": "https://github.com/flox/nixpkgs?rev=73cf49b8ad837ade2de76f87eb53fc85ed5d4680",
      "name": "golangci-lint-1.64.5",
      "pname": "golangci-lint",
      "rev": "73cf49b8ad837ade2de76f87eb53fc85ed5d4680",
      "rev_count": 755230,
      "rev_date": "2025-02-18T08:17:47Z",
      "scrape_date": "2025-02-20T02:25:42Z",
      "stabilities": [
        "staging",
        "unstable"
      ],
      "unfree": false,
      "version": "1.64.5",
      "outputs_to_install": [
        "out"
      ],
      "outputs": {
        "out": "/nix/store/25732rsdh49iwjrik69sb9cfhiza00b5-golangci-lint-1.64.5"
      },
      "system": "x86_64-linux",
      "group": "toplevel",
      "priority": 5
    },
    {
      "attr_path": "gox",
      "broken": false,
      "derivation": "/nix/store/dn1wvscd34zj9zi4sfqckcmlk79s601v-gox-1.0.1.drv",
      "description": "Dead simple, no frills Go cross compile tool",
      "install_id": "gox",
      "license": "MPL-2.0",
      "locked_url": "https://github.com/flox/nixpkgs?rev=73cf49b8ad837ade2de76f87eb53fc85ed5d4680",
      "name": "gox-1.0.1",
      "pname": "gox",
      "rev": "73cf49b8ad837ade2de76f87eb53fc85ed5d4680",
      "rev_count": 755230,
      "rev_date": "2025-02-18T08:17:47Z",
      "scrape_date": "2025-02-20T02:25:42Z",
      "stabilities": [
        "staging",
        "unstable"
      ],
      "unfree": false,
      "version": "1.0.1",
      "outputs_to_install": [
        "out"
      ],
      "outputs": {
        "out": "/nix/store/a4wr7s2i50iy3syisdgn1f55qx0mkmgb-gox-1.0.1"
      },
      "system": "aarch64-darwin",
      "group": "toplevel",
      "priority": 5
    },
    {
      "attr_path": "gox",
      "broken": false,
      "derivation": "/nix/store/yfp814amch6ch7skh5l6dmpi3yjlq5ls-gox-1.0.1.drv",
      "description": "Dead simple, no frills Go cross compile tool",
      "install_id": "gox",
      "license": "MPL-2.0",
      "locked_url": "https://github.com/flox/nixpkgs?rev=73cf49b8ad837ade2de76f87eb53fc85ed5d4680",
      "name": "gox-1.0.1",
      "pname": "gox",
      "rev": "73cf49b8ad837ade2de76f87eb53fc85ed5d4680",
      "rev_count": 755230,
      "rev_date": "2025-02-18T08:17:47Z",
      "scrape_date": "2025-02-20T02:25:42Z",
      "stabilities": [
        "staging",
        "unstable"
      ],
      "unfree": false,
      "version": "1.0.1",
      "outputs_to_install": [
        "out"
      ],
      "outputs": {
        "out": "/nix/store/ffyah0kjzzbx22209zwlg8pz6z1lh7az-gox-1.0.1"
      },
      "system": "aarch64-linux",
      "group": "toplevel",
      "priority": 5
    },
    {
      "attr_path": "gox",
      "broken": false,
      "derivation": "/nix/store/hgpb3w6w17a5z9bqm31vcqp7scv87gr5-gox-1.0.1.drv",
      "description": "Dead simple, no frills Go cross compile tool",
      "install_id": "gox",
      "license": "MPL-2.0",
      "locked_url": "https://github.com/flox/nixpkgs?rev=73cf49b8ad837ade2de76f87eb53fc85ed5d4680",
      "name": "gox-1.0.1",
      "pname": "gox",
      "rev": "73cf49b8ad837ade2de76f87eb53fc85ed5d4680",
      "rev_count": 755230,
      "rev_date": "2025-02-18T08:17:47Z",
      "scrape_date": "2025-02-20T02:25:42Z",
      "stabilities": [
        "staging",
        "unstable"
      ],
      "unfree": false,
      "version": "1.0.1",
      "outputs_to_install": [
        "out"
      ],
      "outputs": {
        "out": "/nix/store/9r2dzclcqqz2fd4zf75vabxaysrsgsa6-gox-1.0.1"
      },
      "system": "x86_64-darwin",
      "group": "toplevel",
      "priority": 5
    },
    {
      "attr_path": "gox",
      "broken": false,
      "derivation": "/nix/store/djgrqb3h62ykqv9g8pv39dpd80xnsarw-gox-1.0.1.drv",
      "description": "Dead simple, no frills Go cross compile tool",
      "install_id": "gox",
      "license": "MPL-2.0",
      "locked_url": "https://github.com/flox/nixpkgs?rev=73cf49b8ad837ade2de76f87eb53fc85ed5d4680",
      "name": "gox-1.0.1",
      "pname": "gox",
      "rev": "73cf49b8ad837ade2de76f87eb53fc85ed5d4680",
      "rev_count": 755230,
      "rev_date": "2025-02-18T08:17:47Z",
      "scrape_date": "2025-02-20T02:25:42Z",
      "stabilities": [
        "staging",
        "unstable"
      ],
      "unfree": false,
      "version": "1.0.1",
      "outputs_to_install": [
        "out"
      ],
      "outputs": {
        "out": "/nix/store/wcayvj0pn8lmvrmxdc3jhcr4fy4rb4z8-gox-1.0.1"
      },
      "system": "x86_64-linux",
      "group": "toplevel",
      "priority": 5
    }
  ]
}