{
  "lockfile-version": 1,
  "manifest": {
    "version": 1,
    "install": {
      "go": {
        "pkg-path": "go"
      },
      "golangci-lint": {
        "pkg-path": "golangci-lint"
      },
      "gox": {
        "pkg-path": "gox"
      }
    },
    "hook": {},
    "profile": {
      "zsh": "  source <(golangci-lint completion zsh)\n"
    },
    "options": {
      "systems": [
        "aarch64-darwin",
        "aarch64-linux",
        "x86_64-darwin",
        "x86_64-linux"
      ],
      "allow": {
        "licenses": []
      },
      "semver": {}
    }
  },
  "packages": [
    {
      "attr_path": "go",
      "broken": false,
      "derivation": "/nix/store/3rx89v4m5zawcv75zf4hvgixwpqqig5v-go-1.23.6.drv",
      "description": "Go Programming language",
      "install_id": "go",
      "license": "BSD-3-Clause",
      "locked_url": "https://github.com/flox/nixpkgs?rev=d69ab0d71b22fa1ce3dbeff666e6deb4917db049",
      "name": "go-1.23.6",
      "pname": "go",
      "rev": "d69ab0d71b22fa1ce3dbeff666e6deb4917db049",
      "rev_count": 762848,
      "rev_date": "2025-03-05T11:18:42Z",
      "scrape_date": "2025-03-07T00:30:55Z",
      "stabilities": [
        "staging",
        "unstable"
      ],
      "unfree": false,
      "version": "1.23.6",
      "outputs_to_install": [
        "out"
      ],
      "outputs": {
        "out": "/nix/store/yjqrp3d93mxa2g80j57whyk55xwxgl7r-go-1.23.6"
      },
      "system": "aarch64-darwin",
      "group": "toplevel",
      "priority": 5
    },
    {
      "attr_path": "go",
      "broken": false,
      "derivation": "/nix/store/nr1f8hf0p4xfj8d492fzpsbglm1c5hqc-go-1.23.6.drv",
      "description": "Go Programming language",
      "install_id": "go",
      "license": "BSD-3-Clause",
      "locked_url": "https://github.com/flox/nixpkgs?rev=d69ab0d71b22fa1ce3dbeff666e6deb4917db049",
      "name": "go-1.23.6",
      "pname": "go",
      "rev": "d69ab0d71b22fa1ce3dbeff666e6deb4917db049",
      "rev_count": 762848,
      "rev_date": "2025-03-05T11:18:42Z",
      "scrape_date": "2025-03-07T00:30:55Z",
      "stabilities": [
        "staging",
        "unstable"
      ],
      "unfree": false,
      "version": "1.23.6",
      "outputs_to_install": [
        "out"
      ],
      "outputs": {
        "out": "/nix/store/8998mrpahiciqy699yxfwaw29r89pfrm-go-1.23.6"
      },
      "system": "aarch64-linux",
      "group": "toplevel",
      "priority": 5
    },
    {
      "attr_path": "go",
      "broken": false,
      "derivation": "/nix/store/k2jg2hxgd41cj1vh4pvg1zviywh7vmnh-go-1.23.6.drv",
      "description": "Go Programming language",
      "install_id": "go",
      "license": "BSD-3-Clause",
      "locked_url": "https://github.com/flox/nixpkgs?rev=d69ab0d71b22fa1ce3dbeff666e6deb4917db049",
      "name": "go-1.23.6",
      "pname": "go",
      "rev": "d69ab0d71b22fa1ce3dbeff666e6deb4917db049",
      "rev_count": 762848,
      "rev_date": "2025-03-05T11:18:42Z",
      "scrape_date": "2025-03-07T00:30:55Z",
      "stabilities": [
        "staging",
        "unstable"
      ],
      "unfree": false,
      "version": "1.23.6",
      "outputs_to_install": [
        "out"
      ],
      "outputs": {
        "out": "/nix/store/65s6ymzbxsydbka49gr3jsv0lnybbzyc-go-1.23.6"
      },
      "system": "x86_64-darwin",
      "group": "toplevel",
      "priority": 5
    },
    {
      "attr_path": "go",
      "broken": false,
      "derivation": "/nix/store/h8r2axj3z8fdb367cmrb044jw2s75ffs-go-1.23.6.drv",
      "description": "Go Programming language",
      "install_id": "go",
      "license": "BSD-3-Clause",
      "locked_url": "https://github.com/flox/nixpkgs?rev=d69ab0d71b22fa1ce3dbeff666e6deb4917db049",
      "name": "go-1.23.6",
      "pname": "go",
      "rev": "d69ab0d71b22fa1ce3dbeff666e6deb4917db049",
      "rev_count": 762848,
      "rev_date": "2025-03-05T11:18:42Z",
      "scrape_date": "2025-03-07T00:30:55Z",
      "stabilities": [
        "staging",
        "unstable"
      ],
      "unfree": false,
      "version": "1.23.6",
      "outputs_to_install": [
        "out"
      ],
      "outputs": {
        "out": "/nix/store/8zgc91q1igzgmg36mglxrk8qa1r2dvsd-go-1.23.6"
      },
      "system": "x86_64-linux",
      "group": "toplevel",
      "priority": 5
    },
    {
      "attr_path": "golangci-lint",
      "broken": false,
      "derivation": "/nix/store/pxljw0r1fyqviw4yldbgyfhsvw9ylmpj-golangci-lint-1.64.5.drv",
      "description": "Fast linters Runner for Go",
      "install_id": "golangci-lint",
      "license": "GPL-3.0-or-later",
      "locked_url": "https://github.com/flox/nixpkgs?rev=d69ab0d71b22fa1ce3dbeff666e6deb4917db049",
      "name": "golangci-lint-1.64.5",
      "pname": "golangci-lint",
      "rev": "d69ab0d71b22fa1ce3dbeff666e6deb4917db049",
      "rev_count": 762848,
      "rev_date": "2025-03-05T11:18:42Z",
      "scrape_date": "2025-03-07T00:30:55Z",
      "stabilities": [
        "staging",
        "unstable"
      ],
      "unfree": false,
      "version": "1.64.5",
      "outputs_to_install": [
        "out"
      ],
      "outputs": {
        "out": "/nix/store/8bfm5nzryn3hxnd79s7j6qzkm1h6pxqy-golangci-lint-1.64.5"
      },
      "system": "aarch64-darwin",
      "group": "toplevel",
      "priority": 5
    },
    {
      "attr_path": "golangci-lint",
      "broken": false,
      "derivation": "/nix/store/bydiv1168ckn25vc25696i9wsydgnbvh-golangci-lint-1.64.5.drv",
      "description": "Fast linters Runner for Go",
      "install_id": "golangci-lint",
      "license": "GPL-3.0-or-later",
      "locked_url": "https://github.com/flox/nixpkgs?rev=d69ab0d71b22fa1ce3dbeff666e6deb4917db049",
      "name": "golangci-lint-1.64.5",
      "pname": "golangci-lint",
      "rev": "d69ab0d71b22fa1ce3dbeff666e6deb4917db049",
      "rev_count": 762848,
      "rev_date": "2025-03-05T11:18:42Z",
      "scrape_date": "2025-03-07T00:30:55Z",
      "stabilities": [
        "staging",
        "unstable"
      ],
      "unfree": false,
      "version": "1.64.5",
      "outputs_to_install": [
        "out"
      ],
      "outputs": {
        "out": "/nix/store/cmn4yiyf99kdjlw87sczf30ckpp84i1w-golangci-lint-1.64.5"
      },
      "system": "aarch64-linux",
      "group": "toplevel",
      "priority": 5
    },
    {
      "attr_path": "golangci-lint",
      "broken": false,
      "derivation": "/nix/store/q0q72ldqyvx8v0qsfvmbyddfhw8z8zp7-golangci-lint-1.64.5.drv",
      "description": "Fast linters Runner for Go",
      "install_id": "golangci-lint",
      "license": "GPL-3.0-or-later",
      "locked_url": "https://github.com/flox/nixpkgs?rev=d69ab0d71b22fa1ce3dbeff666e6deb4917db049",
      "name": "golangci-lint-1.64.5",
      "pname": "golangci-lint",
      "rev": "d69ab0d71b22fa1ce3dbeff666e6deb4917db049",
      "rev_count": 762848,
      "rev_date": "2025-03-05T11:18:42Z",
      "scrape_date": "2025-03-07T00:30:55Z",
      "stabilities": [
        "staging",
        "unstable"
      ],
      "unfree": false,
      "version": "1.64.5",
      "outputs_to_install": [
        "out"
      ],
      "outputs": {
        "out": "/nix/store/bcrp85xkdabziwslcgsls44mj8ngnqb6-golangci-lint-1.64.5"
      },
      "system": "x86_64-darwin",
      "group": "toplevel",
      "priority": 5
    },
    {
      "attr_path": "golangci-lint",
      "broken": false,
      "derivation": "/nix/store/b6977275c6v3k6vnwv4flsfq8n6pnrsb-golangci-lint-1.64.5.drv",
      "description": "Fast linters Runner for Go",
      "install_id": "golangci-lint",
      "license": "GPL-3.0-or-later",
      "locked_url": "https://github.com/flox/nixpkgs?rev=d69ab0d71b22fa1ce3dbeff666e6deb4917db049",
      "name": "golangci-lint-1.64.5",
      "pname": "golangci-lint",
      "rev": "d69ab0d71b22fa1ce3dbeff666e6deb4917db049",
      "rev_count": 762848,
      "rev_date": "2025-03-05T11:18:42Z",
      "scrape_date": "2025-03-07T00:30:55Z",
      "stabilities": [
        "staging",
        "unstable"
      ],
      "unfree": false,
      "version": "1.64.5",
      "outputs_to_install": [
        "out"
      ],
      "outputs": {
        "out": "/nix/store/n1100w7c48bcllxbrws5jd01lpvhx77q-golangci-lint-1.64.5"
      },
      "system": "x86_64-linux",
      "group": "toplevel",
      "priority": 5
    },
    {
      "attr_path": "gox",
      "broken": false,
      "derivation": "/nix/store/bp5cck192mfrjlm8ndz719hjfq9g167g-gox-1.0.1.drv",
      "description": "Dead simple, no frills Go cross compile tool",
      "install_id": "gox",
      "license": "MPL-2.0",
      "locked_url": "https://github.com/flox/nixpkgs?rev=d69ab0d71b22fa1ce3dbeff666e6deb4917db049",
      "name": "gox-1.0.1",
      "pname": "gox",
      "rev": "d69ab0d71b22fa1ce3dbeff666e6deb4917db049",
      "rev_count": 762848,
      "rev_date": "2025-03-05T11:18:42Z",
      "scrape_date": "2025-03-07T00:30:55Z",
      "stabilities": [
        "staging",
        "unstable"
      ],
      "unfree": false,
      "version": "1.0.1",
      "outputs_to_install": [
        "out"
      ],
      "outputs": {
        "out": "/nix/store/h32krqxpvd049w9g8gcc5h7f6lzk46jy-gox-1.0.1"
      },
      "system": "aarch64-darwin",
      "group": "toplevel",
      "priority": 5
    },
    {
      "attr_path": "gox",
      "broken": false,
      "derivation": "/nix/store/4vsk6yx9k9gn1vr4q6ip8mbnjm40albj-gox-1.0.1.drv",
      "description": "Dead simple, no frills Go cross compile tool",
      "install_id": "gox",
      "license": "MPL-2.0",
      "locked_url": "https://github.com/flox/nixpkgs?rev=d69ab0d71b22fa1ce3dbeff666e6deb4917db049",
      "name": "gox-1.0.1",
      "pname": "gox",
      "rev": "d69ab0d71b22fa1ce3dbeff666e6deb4917db049",
      "rev_count": 762848,
      "rev_date": "2025-03-05T11:18:42Z",
      "scrape_date": "2025-03-07T00:30:55Z",
      "stabilities": [
        "staging",
        "unstable"
      ],
      "unfree": false,
      "version": "1.0.1",
      "outputs_to_install": [
        "out"
      ],
      "outputs": {
        "out": "/nix/store/829gxqxz4a4v9njk4afqyf890f362yfz-gox-1.0.1"
      },
      "system": "aarch64-linux",
      "group": "toplevel",
      "priority": 5
    },
    {
      "attr_path": "gox",
      "broken": false,
      "derivation": "/nix/store/653sq27wkcqrpzrbzj9i0jpda0qh5b6g-gox-1.0.1.drv",
      "description": "Dead simple, no frills Go cross compile tool",
      "install_id": "gox",
      "license": "MPL-2.0",
      "locked_url": "https://github.com/flox/nixpkgs?rev=d69ab0d71b22fa1ce3dbeff666e6deb4917db049",
      "name": "gox-1.0.1",
      "pname": "gox",
      "rev": "d69ab0d71b22fa1ce3dbeff666e6deb4917db049",
      "rev_count": 762848,
      "rev_date": "2025-03-05T11:18:42Z",
      "scrape_date": "2025-03-07T00:30:55Z",
      "stabilities": [
        "staging",
        "unstable"
      ],
      "unfree": false,
      "version": "1.0.1",
      "outputs_to_install": [
        "out"
      ],
      "outputs": {
        "out": "/nix/store/6iw5y3sayan2a9z6rf2y9hqpij13dm29-gox-1.0.1"
      },
      "system": "x86_64-darwin",
      "group": "toplevel",
      "priority": 5
    },
    {
      "attr_path": "gox",
      "broken": false,
      "derivation": "/nix/store/j3183ycjwgfisqhxzd2b4cb36mip4bvf-gox-1.0.1.drv",
      "description": "Dead simple, no frills Go cross compile tool",
      "install_id": "gox",
      "license": "MPL-2.0",
      "locked_url": "https://github.com/flox/nixpkgs?rev=d69ab0d71b22fa1ce3dbeff666e6deb4917db049",
      "name": "gox-1.0.1",
      "pname": "gox",
      "rev": "d69ab0d71b22fa1ce3dbeff666e6deb4917db049",
      "rev_count": 762848,
      "rev_date": "2025-03-05T11:18:42Z",
      "scrape_date": "2025-03-07T00:30:55Z",
      "stabilities": [
        "staging",
        "unstable"
      ],
      "unfree": false,
      "version": "1.0.1",
      "outputs_to_install": [
        "out"
      ],
      "outputs": {
        "out": "/nix/store/bvp5vm3aq3q9cn1y76fa15y94flyscl8-gox-1.0.1"
      },
      "system": "x86_64-linux",
      "group": "toplevel",
      "priority": 5
    }
  ]
}